// !$*UTF8*$!
{
	archiveVersion = 1;
	classes = {
	};
	objectVersion = 46;
	objects = {

/* Begin PBXBuildFile section */
		49F4A8B81C96A95A009AC729 /* main.m in Sources */ = {isa = PBXBuildFile; fileRef = 49F4A8B71C96A95A009AC729 /* main.m */; };
		49F4A8BB1C96A95A009AC729 /* AppDelegate.m in Sources */ = {isa = PBXBuildFile; fileRef = 49F4A8BA1C96A95A009AC729 /* AppDelegate.m */; };
		49F4A8BE1C96A95A009AC729 /* ViewController.m in Sources */ = {isa = PBXBuildFile; fileRef = 49F4A8BD1C96A95A009AC729 /* ViewController.m */; };
		49F4A8C11C96A95A009AC729 /* Main.storyboard in Resources */ = {isa = PBXBuildFile; fileRef = 49F4A8BF1C96A95A009AC729 /* Main.storyboard */; };
		49F4A8C31C96A95A009AC729 /* Assets.xcassets in Resources */ = {isa = PBXBuildFile; fileRef = 49F4A8C21C96A95A009AC729 /* Assets.xcassets */; };
		49F4A8C61C96A95A009AC729 /* LaunchScreen.storyboard in Resources */ = {isa = PBXBuildFile; fileRef = 49F4A8C41C96A95A009AC729 /* LaunchScreen.storyboard */; };
		49F4A8D11C96A95A009AC729 /* HelloWorldTests.m in Sources */ = {isa = PBXBuildFile; fileRef = 49F4A8D01C96A95A009AC729 /* HelloWorldTests.m */; };
		49F4A8DC1C96A95A009AC729 /* HelloWorldUITests.m in Sources */ = {isa = PBXBuildFile; fileRef = 49F4A8DB1C96A95A009AC729 /* HelloWorldUITests.m */; };
/* End PBXBuildFile section */

/* Begin PBXContainerItemProxy section */
		49F4A8CD1C96A95A009AC729 /* PBXContainerItemProxy */ = {
			isa = PBXContainerItemProxy;
			containerPortal = 49F4A8AB1C96A95A009AC729 /* Project object */;
			proxyType = 1;
			remoteGlobalIDString = 49F4A8B21C96A95A009AC729;
			remoteInfo = HelloWorld;
		};
		49F4A8D81C96A95A009AC729 /* PBXContainerItemProxy */ = {
			isa = PBXContainerItemProxy;
			containerPortal = 49F4A8AB1C96A95A009AC729 /* Project object */;
			proxyType = 1;
			remoteGlobalIDString = 49F4A8B21C96A95A009AC729;
			remoteInfo = HelloWorld;
		};
/* End PBXContainerItemProxy section */

/* Begin PBXFileReference section */
		49F4A8B31C96A95A009AC729 /* HelloWorld.app */ = {isa = PBXFileReference; explicitFileType = wrapper.application; includeInIndex = 0; path = HelloWorld.app; sourceTree = BUILT_PRODUCTS_DIR; };
		49F4A8B71C96A95A009AC729 /* main.m */ = {isa = PBXFileReference; lastKnownFileType = sourcecode.c.objc; path = main.m; sourceTree = "<group>"; };
		49F4A8B91C96A95A009AC729 /* AppDelegate.h */ = {isa = PBXFileReference; lastKnownFileType = sourcecode.c.h; path = AppDelegate.h; sourceTree = "<group>"; };
		49F4A8BA1C96A95A009AC729 /* AppDelegate.m */ = {isa = PBXFileReference; lastKnownFileType = sourcecode.c.objc; path = AppDelegate.m; sourceTree = "<group>"; };
		49F4A8BC1C96A95A009AC729 /* ViewController.h */ = {isa = PBXFileReference; lastKnownFileType = sourcecode.c.h; path = ViewController.h; sourceTree = "<group>"; };
		49F4A8BD1C96A95A009AC729 /* ViewController.m */ = {isa = PBXFileReference; lastKnownFileType = sourcecode.c.objc; path = ViewController.m; sourceTree = "<group>"; };
		49F4A8C01C96A95A009AC729 /* Base */ = {isa = PBXFileReference; lastKnownFileType = file.storyboard; name = Base; path = Base.lproj/Main.storyboard; sourceTree = "<group>"; };
		49F4A8C21C96A95A009AC729 /* Assets.xcassets */ = {isa = PBXFileReference; lastKnownFileType = folder.assetcatalog; path = Assets.xcassets; sourceTree = "<group>"; };
		49F4A8C51C96A95A009AC729 /* Base */ = {isa = PBXFileReference; lastKnownFileType = file.storyboard; name = Base; path = Base.lproj/LaunchScreen.storyboard; sourceTree = "<group>"; };
		49F4A8C71C96A95A009AC729 /* Info.plist */ = {isa = PBXFileReference; lastKnownFileType = text.plist.xml; path = Info.plist; sourceTree = "<group>"; };
		49F4A8CC1C96A95A009AC729 /* HelloWorldTests.xctest */ = {isa = PBXFileReference; explicitFileType = wrapper.cfbundle; includeInIndex = 0; path = HelloWorldTests.xctest; sourceTree = BUILT_PRODUCTS_DIR; };
		49F4A8D01C96A95A009AC729 /* HelloWorldTests.m */ = {isa = PBXFileReference; lastKnownFileType = sourcecode.c.objc; path = HelloWorldTests.m; sourceTree = "<group>"; };
		49F4A8D21C96A95A009AC729 /* Info.plist */ = {isa = PBXFileReference; lastKnownFileType = text.plist.xml; path = Info.plist; sourceTree = "<group>"; };
		49F4A8D71C96A95A009AC729 /* HelloWorldUITests.xctest */ = {isa = PBXFileReference; explicitFileType = wrapper.cfbundle; includeInIndex = 0; path = HelloWorldUITests.xctest; sourceTree = BUILT_PRODUCTS_DIR; };
		49F4A8DB1C96A95A009AC729 /* HelloWorldUITests.m */ = {isa = PBXFileReference; lastKnownFileType = sourcecode.c.objc; path = HelloWorldUITests.m; sourceTree = "<group>"; };
		49F4A8DD1C96A95A009AC729 /* Info.plist */ = {isa = PBXFileReference; lastKnownFileType = text.plist.xml; path = Info.plist; sourceTree = "<group>"; };
/* End PBXFileReference section */

/* Begin PBXFrameworksBuildPhase section */
		49F4A8B01C96A95A009AC729 /* Frameworks */ = {
			isa = PBXFrameworksBuildPhase;
			buildActionMask = 2147483647;
			files = (
			);
			runOnlyForDeploymentPostprocessing = 0;
		};
		49F4A8C91C96A95A009AC729 /* Frameworks */ = {
			isa = PBXFrameworksBuildPhase;
			buildActionMask = 2147483647;
			files = (
			);
			runOnlyForDeploymentPostprocessing = 0;
		};
		49F4A8D41C96A95A009AC729 /* Frameworks */ = {
			isa = PBXFrameworksBuildPhase;
			buildActionMask = 2147483647;
			files = (
			);
			runOnlyForDeploymentPostprocessing = 0;
		};
/* End PBXFrameworksBuildPhase section */

/* Begin PBXGroup section */
		49F4A8AA1C96A95A009AC729 = {
			isa = PBXGroup;
			children = (
				49F4A8B51C96A95A009AC729 /* HelloWorld */,
				49F4A8CF1C96A95A009AC729 /* HelloWorldTests */,
				49F4A8DA1C96A95A009AC729 /* HelloWorldUITests */,
				49F4A8B41C96A95A009AC729 /* Products */,
			);
			sourceTree = "<group>";
		};
		49F4A8B41C96A95A009AC729 /* Products */ = {
			isa = PBXGroup;
			children = (
				49F4A8B31C96A95A009AC729 /* HelloWorld.app */,
				49F4A8CC1C96A95A009AC729 /* HelloWorldTests.xctest */,
				49F4A8D71C96A95A009AC729 /* HelloWorldUITests.xctest */,
			);
			name = Products;
			sourceTree = "<group>";
		};
		49F4A8B51C96A95A009AC729 /* HelloWorld */ = {
			isa = PBXGroup;
			children = (
				49F4A8B91C96A95A009AC729 /* AppDelegate.h */,
				49F4A8BA1C96A95A009AC729 /* AppDelegate.m */,
				49F4A8BC1C96A95A009AC729 /* ViewController.h */,
				49F4A8BD1C96A95A009AC729 /* ViewController.m */,
				49F4A8BF1C96A95A009AC729 /* Main.storyboard */,
				49F4A8C21C96A95A009AC729 /* Assets.xcassets */,
				49F4A8C41C96A95A009AC729 /* LaunchScreen.storyboard */,
				49F4A8C71C96A95A009AC729 /* Info.plist */,
				49F4A8B61C96A95A009AC729 /* Supporting Files */,
			);
			path = HelloWorld;
			sourceTree = "<group>";
		};
		49F4A8B61C96A95A009AC729 /* Supporting Files */ = {
			isa = PBXGroup;
			children = (
				49F4A8B71C96A95A009AC729 /* main.m */,
			);
			name = "Supporting Files";
			sourceTree = "<group>";
		};
		49F4A8CF1C96A95A009AC729 /* HelloWorldTests */ = {
			isa = PBXGroup;
			children = (
				49F4A8D01C96A95A009AC729 /* HelloWorldTests.m */,
				49F4A8D21C96A95A009AC729 /* Info.plist */,
			);
			path = HelloWorldTests;
			sourceTree = "<group>";
		};
		49F4A8DA1C96A95A009AC729 /* HelloWorldUITests */ = {
			isa = PBXGroup;
			children = (
				49F4A8DB1C96A95A009AC729 /* HelloWorldUITests.m */,
				49F4A8DD1C96A95A009AC729 /* Info.plist */,
			);
			path = HelloWorldUITests;
			sourceTree = "<group>";
		};
/* End PBXGroup section */

/* Begin PBXNativeTarget section */
		49F4A8B21C96A95A009AC729 /* HelloWorld */ = {
			isa = PBXNativeTarget;
			buildConfigurationList = 49F4A8E01C96A95A009AC729 /* Build configuration list for PBXNativeTarget "HelloWorld" */;
			buildPhases = (
				49F4A8AF1C96A95A009AC729 /* Sources */,
				49F4A8B01C96A95A009AC729 /* Frameworks */,
				49F4A8B11C96A95A009AC729 /* Resources */,
			);
			buildRules = (
			);
			dependencies = (
			);
			name = HelloWorld;
			productName = HelloWorld;
			productReference = 49F4A8B31C96A95A009AC729 /* HelloWorld.app */;
			productType = "com.apple.product-type.application";
		};
		49F4A8CB1C96A95A009AC729 /* HelloWorldTests */ = {
			isa = PBXNativeTarget;
			buildConfigurationList = 49F4A8E31C96A95A009AC729 /* Build configuration list for PBXNativeTarget "HelloWorldTests" */;
			buildPhases = (
				49F4A8C81C96A95A009AC729 /* Sources */,
				49F4A8C91C96A95A009AC729 /* Frameworks */,
				49F4A8CA1C96A95A009AC729 /* Resources */,
			);
			buildRules = (
			);
			dependencies = (
				49F4A8CE1C96A95A009AC729 /* PBXTargetDependency */,
			);
			name = HelloWorldTests;
			productName = HelloWorldTests;
			productReference = 49F4A8CC1C96A95A009AC729 /* HelloWorldTests.xctest */;
			productType = "com.apple.product-type.bundle.unit-test";
		};
		49F4A8D61C96A95A009AC729 /* HelloWorldUITests */ = {
			isa = PBXNativeTarget;
			buildConfigurationList = 49F4A8E61C96A95A009AC729 /* Build configuration list for PBXNativeTarget "HelloWorldUITests" */;
			buildPhases = (
				49F4A8D31C96A95A009AC729 /* Sources */,
				49F4A8D41C96A95A009AC729 /* Frameworks */,
				49F4A8D51C96A95A009AC729 /* Resources */,
			);
			buildRules = (
			);
			dependencies = (
				49F4A8D91C96A95A009AC729 /* PBXTargetDependency */,
			);
			name = HelloWorldUITests;
			productName = HelloWorldUITests;
			productReference = 49F4A8D71C96A95A009AC729 /* HelloWorldUITests.xctest */;
			productType = "com.apple.product-type.bundle.ui-testing";
		};
/* End PBXNativeTarget section */

/* Begin PBXProject section */
		49F4A8AB1C96A95A009AC729 /* Project object */ = {
			isa = PBXProject;
			attributes = {
				LastUpgradeCheck = 0720;
				ORGANIZATIONNAME = hexway;
				TargetAttributes = {
					49F4A8B21C96A95A009AC729 = {
						CreatedOnToolsVersion = 7.2.1;
					};
					49F4A8CB1C96A95A009AC729 = {
						CreatedOnToolsVersion = 7.2.1;
						TestTargetID = 49F4A8B21C96A95A009AC729;
					};
					49F4A8D61C96A95A009AC729 = {
						CreatedOnToolsVersion = 7.2.1;
						TestTargetID = 49F4A8B21C96A95A009AC729;
					};
				};
			};
			buildConfigurationList = 49F4A8AE1C96A95A009AC729 /* Build configuration list for PBXProject "HelloWorld" */;
			compatibilityVersion = "Xcode 3.2";
			developmentRegion = English;
			hasScannedForEncodings = 0;
			knownRegions = (
				en,
				Base,
			);
			mainGroup = 49F4A8AA1C96A95A009AC729;
			productRefGroup = 49F4A8B41C96A95A009AC729 /* Products */;
			projectDirPath = "";
			projectRoot = "";
			targets = (
				49F4A8B21C96A95A009AC729 /* HelloWorld */,
				49F4A8CB1C96A95A009AC729 /* HelloWorldTests */,
				49F4A8D61C96A95A009AC729 /* HelloWorldUITests */,
			);
		};
/* End PBXProject section */

/* Begin PBXResourcesBuildPhase section */
		49F4A8B11C96A95A009AC729 /* Resources */ = {
			isa = PBXResourcesBuildPhase;
			buildActionMask = 2147483647;
			files = (
				49F4A8C61C96A95A009AC729 /* LaunchScreen.storyboard in Resources */,
				49F4A8C31C96A95A009AC729 /* Assets.xcassets in Resources */,
				49F4A8C11C96A95A009AC729 /* Main.storyboard in Resources */,
			);
			runOnlyForDeploymentPostprocessing = 0;
		};
		49F4A8CA1C96A95A009AC729 /* Resources */ = {
			isa = PBXResourcesBuildPhase;
			buildActionMask = 2147483647;
			files = (
			);
			runOnlyForDeploymentPostprocessing = 0;
		};
		49F4A8D51C96A95A009AC729 /* Resources */ = {
			isa = PBXResourcesBuildPhase;
			buildActionMask = 2147483647;
			files = (
			);
			runOnlyForDeploymentPostprocessing = 0;
		};
/* End PBXResourcesBuildPhase section */

/* Begin PBXSourcesBuildPhase section */
		49F4A8AF1C96A95A009AC729 /* Sources */ = {
			isa = PBXSourcesBuildPhase;
			buildActionMask = 2147483647;
			files = (
				49F4A8BE1C96A95A009AC729 /* ViewController.m in Sources */,
				49F4A8BB1C96A95A009AC729 /* AppDelegate.m in Sources */,
				49F4A8B81C96A95A009AC729 /* main.m in Sources */,
			);
			runOnlyForDeploymentPostprocessing = 0;
		};
		49F4A8C81C96A95A009AC729 /* Sources */ = {
			isa = PBXSourcesBuildPhase;
			buildActionMask = 2147483647;
			files = (
				49F4A8D11C96A95A009AC729 /* HelloWorldTests.m in Sources */,
			);
			runOnlyForDeploymentPostprocessing = 0;
		};
		49F4A8D31C96A95A009AC729 /* Sources */ = {
			isa = PBXSourcesBuildPhase;
			buildActionMask = 2147483647;
			files = (
				49F4A8DC1C96A95A009AC729 /* HelloWorldUITests.m in Sources */,
			);
			runOnlyForDeploymentPostprocessing = 0;
		};
/* End PBXSourcesBuildPhase section */

/* Begin PBXTargetDependency section */
		49F4A8CE1C96A95A009AC729 /* PBXTargetDependency */ = {
			isa = PBXTargetDependency;
			target = 49F4A8B21C96A95A009AC729 /* HelloWorld */;
			targetProxy = 49F4A8CD1C96A95A009AC729 /* PBXContainerItemProxy */;
		};
		49F4A8D91C96A95A009AC729 /* PBXTargetDependency */ = {
			isa = PBXTargetDependency;
			target = 49F4A8B21C96A95A009AC729 /* HelloWorld */;
			targetProxy = 49F4A8D81C96A95A009AC729 /* PBXContainerItemProxy */;
		};
/* End PBXTargetDependency section */

/* Begin PBXVariantGroup section */
		49F4A8BF1C96A95A009AC729 /* Main.storyboard */ = {
			isa = PBXVariantGroup;
			children = (
				49F4A8C01C96A95A009AC729 /* Base */,
			);
			name = Main.storyboard;
			sourceTree = "<group>";
		};
		49F4A8C41C96A95A009AC729 /* LaunchScreen.storyboard */ = {
			isa = PBXVariantGroup;
			children = (
				49F4A8C51C96A95A009AC729 /* Base */,
			);
			name = LaunchScreen.storyboard;
			sourceTree = "<group>";
		};
/* End PBXVariantGroup section */

/* Begin XCBuildConfiguration section */
		49F4A8DE1C96A95A009AC729 /* Debug */ = {
			isa = XCBuildConfiguration;
			buildSettings = {
				ALWAYS_SEARCH_USER_PATHS = NO;
				CLANG_CXX_LANGUAGE_STANDARD = "gnu++0x";
				CLANG_CXX_LIBRARY = "libc++";
				CLANG_ENABLE_MODULES = YES;
				CLANG_ENABLE_OBJC_ARC = YES;
				CLANG_WARN_BOOL_CONVERSION = YES;
				CLANG_WARN_CONSTANT_CONVERSION = YES;
				CLANG_WARN_DIRECT_OBJC_ISA_USAGE = YES_ERROR;
				CLANG_WARN_EMPTY_BODY = YES;
				CLANG_WARN_ENUM_CONVERSION = YES;
				CLANG_WARN_INT_CONVERSION = YES;
				CLANG_WARN_OBJC_ROOT_CLASS = YES_ERROR;
				CLANG_WARN_UNREACHABLE_CODE = YES;
				CLANG_WARN__DUPLICATE_METHOD_MATCH = YES;
				"CODE_SIGN_IDENTITY[sdk=iphoneos*]" = "iPhone Developer";
				COPY_PHASE_STRIP = NO;
				DEBUG_INFORMATION_FORMAT = dwarf;
				ENABLE_STRICT_OBJC_MSGSEND = YES;
				ENABLE_TESTABILITY = YES;
				GCC_C_LANGUAGE_STANDARD = gnu99;
				GCC_DYNAMIC_NO_PIC = NO;
				GCC_NO_COMMON_BLOCKS = YES;
				GCC_OPTIMIZATION_LEVEL = 0;
				GCC_PREPROCESSOR_DEFINITIONS = (
					"DEBUG=1",
					"$(inherited)",
				);
				GCC_WARN_64_TO_32_BIT_CONVERSION = YES;
				GCC_WARN_ABOUT_RETURN_TYPE = YES_ERROR;
				GCC_WARN_UNDECLARED_SELECTOR = YES;
				GCC_WARN_UNINITIALIZED_AUTOS = YES_AGGRESSIVE;
				GCC_WARN_UNUSED_FUNCTION = YES;
				GCC_WARN_UNUSED_VARIABLE = YES;
				IPHONEOS_DEPLOYMENT_TARGET = 9.2;
				MTL_ENABLE_DEBUG_INFO = YES;
				ONLY_ACTIVE_ARCH = YES;
				SDKROOT = iphoneos;
			};
			name = Debug;
		};
		49F4A8DF1C96A95A009AC729 /* Release */ = {
			isa = XCBuildConfiguration;
			buildSettings = {
				ALWAYS_SEARCH_USER_PATHS = NO;
				CLANG_CXX_LANGUAGE_STANDARD = "gnu++0x";
				CLANG_CXX_LIBRARY = "libc++";
				CLANG_ENABLE_MODULES = YES;
				CLANG_ENABLE_OBJC_ARC = YES;
				CLANG_WARN_BOOL_CONVERSION = YES;
				CLANG_WARN_CONSTANT_CONVERSION = YES;
				CLANG_WARN_DIRECT_OBJC_ISA_USAGE = YES_ERROR;
				CLANG_WARN_EMPTY_BODY = YES;
				CLANG_WARN_ENUM_CONVERSION = YES;
				CLANG_WARN_INT_CONVERSION = YES;
				CLANG_WARN_OBJC_ROOT_CLASS = YES_ERROR;
				CLANG_WARN_UNREACHABLE_CODE = YES;
				CLANG_WARN__DUPLICATE_METHOD_MATCH = YES;
				"CODE_SIGN_IDENTITY[sdk=iphoneos*]" = "iPhone Developer";
				COPY_PHASE_STRIP = NO;
				DEBUG_INFORMATION_FORMAT = "dwarf-with-dsym";
				ENABLE_NS_ASSERTIONS = NO;
				ENABLE_STRICT_OBJC_MSGSEND = YES;
				GCC_C_LANGUAGE_STANDARD = gnu99;
				GCC_NO_COMMON_BLOCKS = YES;
				GCC_WARN_64_TO_32_BIT_CONVERSION = YES;
				GCC_WARN_ABOUT_RETURN_TYPE = YES_ERROR;
				GCC_WARN_UNDECLARED_SELECTOR = YES;
				GCC_WARN_UNINITIALIZED_AUTOS = YES_AGGRESSIVE;
				GCC_WARN_UNUSED_FUNCTION = YES;
				GCC_WARN_UNUSED_VARIABLE = YES;
				IPHONEOS_DEPLOYMENT_TARGET = 9.2;
				MTL_ENABLE_DEBUG_INFO = NO;
				SDKROOT = iphoneos;
				VALIDATE_PRODUCT = YES;
			};
			name = Release;
		};
		49F4A8E11C96A95A009AC729 /* Debug */ = {
			isa = XCBuildConfiguration;
			buildSettings = {
				ASSETCATALOG_COMPILER_APPICON_NAME = AppIcon;
				INFOPLIST_FILE = HelloWorld/Info.plist;
				LD_RUNPATH_SEARCH_PATHS = "$(inherited) @executable_path/Frameworks";
				PRODUCT_BUNDLE_IDENTIFIER = com.hexway.HelloWorld;
				PRODUCT_NAME = "$(TARGET_NAME)";
			};
			name = Debug;
		};
		49F4A8E21C96A95A009AC729 /* Release */ = {
			isa = XCBuildConfiguration;
			buildSettings = {
				ASSETCATALOG_COMPILER_APPICON_NAME = AppIcon;
				INFOPLIST_FILE = HelloWorld/Info.plist;
				LD_RUNPATH_SEARCH_PATHS = "$(inherited) @executable_path/Frameworks";
				PRODUCT_BUNDLE_IDENTIFIER = com.hexway.HelloWorld;
				PRODUCT_NAME = "$(TARGET_NAME)";
			};
			name = Release;
		};
		49F4A8E41C96A95A009AC729 /* Debug */ = {
			isa = XCBuildConfiguration;
			buildSettings = {
				BUNDLE_LOADER = "$(TEST_HOST)";
				INFOPLIST_FILE = HelloWorldTests/Info.plist;
				LD_RUNPATH_SEARCH_PATHS = "$(inherited) @executable_path/Frameworks @loader_path/Frameworks";
				PRODUCT_BUNDLE_IDENTIFIER = com.hexway.HelloWorldTests;
				PRODUCT_NAME = "$(TARGET_NAME)";
				TEST_HOST = "$(BUILT_PRODUCTS_DIR)/HelloWorld.app/HelloWorld";
			};
			name = Debug;
		};
		49F4A8E51C96A95A009AC729 /* Release */ = {
			isa = XCBuildConfiguration;
			buildSettings = {
				BUNDLE_LOADER = "$(TEST_HOST)";
				INFOPLIST_FILE = HelloWorldTests/Info.plist;
				LD_RUNPATH_SEARCH_PATHS = "$(inherited) @executable_path/Frameworks @loader_path/Frameworks";
				PRODUCT_BUNDLE_IDENTIFIER = com.hexway.HelloWorldTests;
				PRODUCT_NAME = "$(TARGET_NAME)";
				TEST_HOST = "$(BUILT_PRODUCTS_DIR)/HelloWorld.app/HelloWorld";
			};
			name = Release;
		};
		49F4A8E71C96A95A009AC729 /* Debug */ = {
			isa = XCBuildConfiguration;
			buildSettings = {
				INFOPLIST_FILE = HelloWorldUITests/Info.plist;
				LD_RUNPATH_SEARCH_PATHS = "$(inherited) @executable_path/Frameworks @loader_path/Frameworks";
				PRODUCT_BUNDLE_IDENTIFIER = com.hexway.HelloWorldUITests;
				PRODUCT_NAME = "$(TARGET_NAME)";
				TEST_TARGET_NAME = HelloWorld;
				USES_XCTRUNNER = YES;
			};
			name = Debug;
		};
		49F4A8E81C96A95A009AC729 /* Release */ = {
			isa = XCBuildConfiguration;
			buildSettings = {
				INFOPLIST_FILE = HelloWorldUITests/Info.plist;
				LD_RUNPATH_SEARCH_PATHS = "$(inherited) @executable_path/Frameworks @loader_path/Frameworks";
				PRODUCT_BUNDLE_IDENTIFIER = com.hexway.HelloWorldUITests;
				PRODUCT_NAME = "$(TARGET_NAME)";
				TEST_TARGET_NAME = HelloWorld;
				USES_XCTRUNNER = YES;
			};
			name = Release;
		};
/* End XCBuildConfiguration section */

/* Begin XCConfigurationList section */
		49F4A8AE1C96A95A009AC729 /* Build configuration list for PBXProject "HelloWorld" */ = {
			isa = XCConfigurationList;
			buildConfigurations = (
				49F4A8DE1C96A95A009AC729 /* Debug */,
				49F4A8DF1C96A95A009AC729 /* Release */,
			);
			defaultConfigurationIsVisible = 0;
			defaultConfigurationName = Release;
		};
		49F4A8E01C96A95A009AC729 /* Build configuration list for PBXNativeTarget "HelloWorld" */ = {
			isa = XCConfigurationList;
			buildConfigurations = (
				49F4A8E11C96A95A009AC729 /* Debug */,
				49F4A8E21C96A95A009AC729 /* Release */,
			);
			defaultConfigurationIsVisible = 0;
		};
		49F4A8E31C96A95A009AC729 /* Build configuration list for PBXNativeTarget "HelloWorldTests" */ = {
			isa = XCConfigurationList;
			buildConfigurations = (
				49F4A8E41C96A95A009AC729 /* Debug */,
				49F4A8E51C96A95A009AC729 /* Release */,
			);
			defaultConfigurationIsVisible = 0;
		};
		49F4A8E61C96A95A009AC729 /* Build configuration list for PBXNativeTarget "HelloWorldUITests" */ = {
			isa = XCConfigurationList;
			buildConfigurations = (
				49F4A8E71C96A95A009AC729 /* Debug */,
				49F4A8E81C96A95A009AC729 /* Release */,
			);
			defaultConfigurationIsVisible = 0;
		};
/* End XCConfigurationList section */
	};
	rootObject = 49F4A8AB1C96A95A009AC729 /* Project object */;
}
